
Microsoft Visual Studio Solution File, Format Version 12.00
# Visual Studio Version 16
VisualStudioVersion = 16.6.30114.105
MinimumVisualStudioVersion = 10.0.40219.1
Project("{2150E333-8FDC-42A3-9474-1A3956D46DE8}") = "src", "src", "{B8B51CC9-4C43-49C7-A8C3-A9114CFC05EF}"
EndProject
Project("{2150E333-8FDC-42A3-9474-1A3956D46DE8}") = "Transversals", "Transversals", "{1CA00296-91E0-4223-9CC0-F9F2BBD7B584}"
EndProject
Project("{9A19103F-16F7-4668-BE54-9A1E7A4F7556}") = "Commons", "src\Transversals\Commons\Commons.csproj", "{D868AFF6-2A46-4212-A430-35ADA0CC193E}"
EndProject
Project("{9A19103F-16F7-4668-BE54-9A1E7A4F7556}") = "Mappers", "src\Transversals\Mappers\Mappers.csproj", "{FEAE84C6-7555-4ED8-964B-F66884965967}"
EndProject
Project("{2150E333-8FDC-42A3-9474-1A3956D46DE8}") = "Infraestructure", "Infraestructure", "{72EAD387-0C10-4485-BA1F-2F301D512318}"
EndProject
Project("{9A19103F-16F7-4668-BE54-9A1E7A4F7556}") = "Data", "src\Infraestructure\Data\Data.csproj", "{CE1E76CD-6551-4F21-BFD2-567859D827ED}"
EndProject
Project("{9A19103F-16F7-4668-BE54-9A1E7A4F7556}") = "Repositories", "src\Infraestructure\Repositories\Repositories.csproj", "{907F825C-7C06-4D60-AE81-6167D576E15E}"
EndProject
Project("{2150E333-8FDC-42A3-9474-1A3956D46DE8}") = "Domain", "Domain", "{0650B30C-EA67-4A5E-94FA-C2B1A65814CC}"
EndProject
Project("{9A19103F-16F7-4668-BE54-9A1E7A4F7556}") = "Core", "src\Domain\Core\Core.csproj", "{5E8BA0C4-9B8E-41F8-8925-A78DA60DFEA8}"
EndProject
Project("{9A19103F-16F7-4668-BE54-9A1E7A4F7556}") = "Entities", "src\Domain\Entities\Entities.csproj", "{D2A463AD-7C48-4345-8913-B0516AC6EB1A}"
EndProject
Project("{2150E333-8FDC-42A3-9474-1A3956D46DE8}") = "Application", "Application", "{27DB1B58-F423-4F08-83D2-CF2B4CCCA706}"
EndProject
Project("{9A19103F-16F7-4668-BE54-9A1E7A4F7556}") = "Main", "src\Application\Main\Main.csproj", "{FCEA5CAA-FED2-4748-8F07-0A42BD833C4C}"
EndProject
Project("{9A19103F-16F7-4668-BE54-9A1E7A4F7556}") = "Dtos", "src\Application\Dtos\Dtos.csproj", "{E4E30052-1C52-4807-AD9B-23B891F6BE37}"
EndProject
Project("{2150E333-8FDC-42A3-9474-1A3956D46DE8}") = "Apis", "Apis", "{89730C52-84CB-4130-AED7-4CA9AFF4DA2E}"
EndProject
Project("{9A19103F-16F7-4668-BE54-9A1E7A4F7556}") = "Api", "src\Apis\Api\Api.csproj", "{EF1EEB23-CBC9-4151-8170-CB5F27E36C56}"
EndProject
Project("{FAE04EC0-301F-11D3-BF4B-00C04F79EFBC}") = "TestApi", "TestApi\TestApi.csproj", "{CAFF0E80-6A48-4C42-925C-342688BE60D8}"
EndProject
Global
	GlobalSection(SolutionConfigurationPlatforms) = preSolution
		Debug|Any CPU = Debug|Any CPU
		Debug|x64 = Debug|x64
		Debug|x86 = Debug|x86
		Release|Any CPU = Release|Any CPU
		Release|x64 = Release|x64
		Release|x86 = Release|x86
	EndGlobalSection
	GlobalSection(ProjectConfigurationPlatforms) = postSolution
		{D868AFF6-2A46-4212-A430-35ADA0CC193E}.Debug|Any CPU.ActiveCfg = Debug|Any CPU
		{D868AFF6-2A46-4212-A430-35ADA0CC193E}.Debug|Any CPU.Build.0 = Debug|Any CPU
		{D868AFF6-2A46-4212-A430-35ADA0CC193E}.Debug|x64.ActiveCfg = Debug|Any CPU
		{D868AFF6-2A46-4212-A430-35ADA0CC193E}.Debug|x64.Build.0 = Debug|Any CPU
		{D868AFF6-2A46-4212-A430-35ADA0CC193E}.Debug|x86.ActiveCfg = Debug|Any CPU
		{D868AFF6-2A46-4212-A430-35ADA0CC193E}.Debug|x86.Build.0 = Debug|Any CPU
		{D868AFF6-2A46-4212-A430-35ADA0CC193E}.Release|Any CPU.ActiveCfg = Release|Any CPU
		{D868AFF6-2A46-4212-A430-35ADA0CC193E}.Release|Any CPU.Build.0 = Release|Any CPU
		{D868AFF6-2A46-4212-A430-35ADA0CC193E}.Release|x64.ActiveCfg = Release|Any CPU
		{D868AFF6-2A46-4212-A430-35ADA0CC193E}.Release|x64.Build.0 = Release|Any CPU
		{D868AFF6-2A46-4212-A430-35ADA0CC193E}.Release|x86.ActiveCfg = Release|Any CPU
		{D868AFF6-2A46-4212-A430-35ADA0CC193E}.Release|x86.Build.0 = Release|Any CPU
		{FEAE84C6-7555-4ED8-964B-F66884965967}.Debug|Any CPU.ActiveCfg = Debug|Any CPU
		{FEAE84C6-7555-4ED8-964B-F66884965967}.Debug|Any CPU.Build.0 = Debug|Any CPU
		{FEAE84C6-7555-4ED8-964B-F66884965967}.Debug|x64.ActiveCfg = Debug|Any CPU
		{FEAE84C6-7555-4ED8-964B-F66884965967}.Debug|x64.Build.0 = Debug|Any CPU
		{FEAE84C6-7555-4ED8-964B-F66884965967}.Debug|x86.ActiveCfg = Debug|Any CPU
		{FEAE84C6-7555-4ED8-964B-F66884965967}.Debug|x86.Build.0 = Debug|Any CPU
		{FEAE84C6-7555-4ED8-964B-F66884965967}.Release|Any CPU.ActiveCfg = Release|Any CPU
		{FEAE84C6-7555-4ED8-964B-F66884965967}.Release|Any CPU.Build.0 = Release|Any CPU
		{FEAE84C6-7555-4ED8-964B-F66884965967}.Release|x64.ActiveCfg = Release|Any CPU
		{FEAE84C6-7555-4ED8-964B-F66884965967}.Release|x64.Build.0 = Release|Any CPU
		{FEAE84C6-7555-4ED8-964B-F66884965967}.Release|x86.ActiveCfg = Release|Any CPU
		{FEAE84C6-7555-4ED8-964B-F66884965967}.Release|x86.Build.0 = Release|Any CPU
		{CE1E76CD-6551-4F21-BFD2-567859D827ED}.Debug|Any CPU.ActiveCfg = Debug|Any CPU
		{CE1E76CD-6551-4F21-BFD2-567859D827ED}.Debug|Any CPU.Build.0 = Debug|Any CPU
		{CE1E76CD-6551-4F21-BFD2-567859D827ED}.Debug|x64.ActiveCfg = Debug|Any CPU
		{CE1E76CD-6551-4F21-BFD2-567859D827ED}.Debug|x64.Build.0 = Debug|Any CPU
		{CE1E76CD-6551-4F21-BFD2-567859D827ED}.Debug|x86.ActiveCfg = Debug|Any CPU
		{CE1E76CD-6551-4F21-BFD2-567859D827ED}.Debug|x86.Build.0 = Debug|Any CPU
		{CE1E76CD-6551-4F21-BFD2-567859D827ED}.Release|Any CPU.ActiveCfg = Release|Any CPU
		{CE1E76CD-6551-4F21-BFD2-567859D827ED}.Release|Any CPU.Build.0 = Release|Any CPU
		{CE1E76CD-6551-4F21-BFD2-567859D827ED}.Release|x64.ActiveCfg = Release|Any CPU
		{CE1E76CD-6551-4F21-BFD2-567859D827ED}.Release|x64.Build.0 = Release|Any CPU
		{CE1E76CD-6551-4F21-BFD2-567859D827ED}.Release|x86.ActiveCfg = Release|Any CPU
		{CE1E76CD-6551-4F21-BFD2-567859D827ED}.Release|x86.Build.0 = Release|Any CPU
		{907F825C-7C06-4D60-AE81-6167D576E15E}.Debug|Any CPU.ActiveCfg = Debug|Any CPU
		{907F825C-7C06-4D60-AE81-6167D576E15E}.Debug|Any CPU.Build.0 = Debug|Any CPU
		{907F825C-7C06-4D60-AE81-6167D576E15E}.Debug|x64.ActiveCfg = Debug|Any CPU
		{907F825C-7C06-4D60-AE81-6167D576E15E}.Debug|x64.Build.0 = Debug|Any CPU
		{907F825C-7C06-4D60-AE81-6167D576E15E}.Debug|x86.ActiveCfg = Debug|Any CPU
		{907F825C-7C06-4D60-AE81-6167D576E15E}.Debug|x86.Build.0 = Debug|Any CPU
		{907F825C-7C06-4D60-AE81-6167D576E15E}.Release|Any CPU.ActiveCfg = Release|Any CPU
		{907F825C-7C06-4D60-AE81-6167D576E15E}.Release|Any CPU.Build.0 = Release|Any CPU
		{907F825C-7C06-4D60-AE81-6167D576E15E}.Release|x64.ActiveCfg = Release|Any CPU
		{907F825C-7C06-4D60-AE81-6167D576E15E}.Release|x64.Build.0 = Release|Any CPU
		{907F825C-7C06-4D60-AE81-6167D576E15E}.Release|x86.ActiveCfg = Release|Any CPU
		{907F825C-7C06-4D60-AE81-6167D576E15E}.Release|x86.Build.0 = Release|Any CPU
		{5E8BA0C4-9B8E-41F8-8925-A78DA60DFEA8}.Debug|Any CPU.ActiveCfg = Debug|Any CPU
		{5E8BA0C4-9B8E-41F8-8925-A78DA60DFEA8}.Debug|Any CPU.Build.0 = Debug|Any CPU
		{5E8BA0C4-9B8E-41F8-8925-A78DA60DFEA8}.Debug|x64.ActiveCfg = Debug|Any CPU
		{5E8BA0C4-9B8E-41F8-8925-A78DA60DFEA8}.Debug|x64.Build.0 = Debug|Any CPU
		{5E8BA0C4-9B8E-41F8-8925-A78DA60DFEA8}.Debug|x86.ActiveCfg = Debug|Any CPU
		{5E8BA0C4-9B8E-41F8-8925-A78DA60DFEA8}.Debug|x86.Build.0 = Debug|Any CPU
		{5E8BA0C4-9B8E-41F8-8925-A78DA60DFEA8}.Release|Any CPU.ActiveCfg = Release|Any CPU
		{5E8BA0C4-9B8E-41F8-8925-A78DA60DFEA8}.Release|Any CPU.Build.0 = Release|Any CPU
		{5E8BA0C4-9B8E-41F8-8925-A78DA60DFEA8}.Release|x64.ActiveCfg = Release|Any CPU
		{5E8BA0C4-9B8E-41F8-8925-A78DA60DFEA8}.Release|x64.Build.0 = Release|Any CPU
		{5E8BA0C4-9B8E-41F8-8925-A78DA60DFEA8}.Release|x86.ActiveCfg = Release|Any CPU
		{5E8BA0C4-9B8E-41F8-8925-A78DA60DFEA8}.Release|x86.Build.0 = Release|Any CPU
		{D2A463AD-7C48-4345-8913-B0516AC6EB1A}.Debug|Any CPU.ActiveCfg = Debug|Any CPU
		{D2A463AD-7C48-4345-8913-B0516AC6EB1A}.Debug|Any CPU.Build.0 = Debug|Any CPU
		{D2A463AD-7C48-4345-8913-B0516AC6EB1A}.Debug|x64.ActiveCfg = Debug|Any CPU
		{D2A463AD-7C48-4345-8913-B0516AC6EB1A}.Debug|x64.Build.0 = Debug|Any CPU
		{D2A463AD-7C48-4345-8913-B0516AC6EB1A}.Debug|x86.ActiveCfg = Debug|Any CPU
		{D2A463AD-7C48-4345-8913-B0516AC6EB1A}.Debug|x86.Build.0 = Debug|Any CPU
		{D2A463AD-7C48-4345-8913-B0516AC6EB1A}.Release|Any CPU.ActiveCfg = Release|Any CPU
		{D2A463AD-7C48-4345-8913-B0516AC6EB1A}.Release|Any CPU.Build.0 = Release|Any CPU
		{D2A463AD-7C48-4345-8913-B0516AC6EB1A}.Release|x64.ActiveCfg = Release|Any CPU
		{D2A463AD-7C48-4345-8913-B0516AC6EB1A}.Release|x64.Build.0 = Release|Any CPU
		{D2A463AD-7C48-4345-8913-B0516AC6EB1A}.Release|x86.ActiveCfg = Release|Any CPU
		{D2A463AD-7C48-4345-8913-B0516AC6EB1A}.Release|x86.Build.0 = Release|Any CPU
		{FCEA5CAA-FED2-4748-8F07-0A42BD833C4C}.Debug|Any CPU.ActiveCfg = Debug|Any CPU
		{FCEA5CAA-FED2-4748-8F07-0A42BD833C4C}.Debug|Any CPU.Build.0 = Debug|Any CPU
		{FCEA5CAA-FED2-4748-8F07-0A42BD833C4C}.Debug|x64.ActiveCfg = Debug|Any CPU
		{FCEA5CAA-FED2-4748-8F07-0A42BD833C4C}.Debug|x64.Build.0 = Debug|Any CPU
		{FCEA5CAA-FED2-4748-8F07-0A42BD833C4C}.Debug|x86.ActiveCfg = Debug|Any CPU
		{FCEA5CAA-FED2-4748-8F07-0A42BD833C4C}.Debug|x86.Build.0 = Debug|Any CPU
		{FCEA5CAA-FED2-4748-8F07-0A42BD833C4C}.Release|Any CPU.ActiveCfg = Release|Any CPU
		{FCEA5CAA-FED2-4748-8F07-0A42BD833C4C}.Release|Any CPU.Build.0 = Release|Any CPU
		{FCEA5CAA-FED2-4748-8F07-0A42BD833C4C}.Release|x64.ActiveCfg = Release|Any CPU
		{FCEA5CAA-FED2-4748-8F07-0A42BD833C4C}.Release|x64.Build.0 = Release|Any CPU
		{FCEA5CAA-FED2-4748-8F07-0A42BD833C4C}.Release|x86.ActiveCfg = Release|Any CPU
		{FCEA5CAA-FED2-4748-8F07-0A42BD833C4C}.Release|x86.Build.0 = Release|Any CPU
		{E4E30052-1C52-4807-AD9B-23B891F6BE37}.Debug|Any CPU.ActiveCfg = Debug|Any CPU
		{E4E30052-1C52-4807-AD9B-23B891F6BE37}.Debug|Any CPU.Build.0 = Debug|Any CPU
		{E4E30052-1C52-4807-AD9B-23B891F6BE37}.Debug|x64.ActiveCfg = Debug|Any CPU
		{E4E30052-1C52-4807-AD9B-23B891F6BE37}.Debug|x64.Build.0 = Debug|Any CPU
		{E4E30052-1C52-4807-AD9B-23B891F6BE37}.Debug|x86.ActiveCfg = Debug|Any CPU
		{E4E30052-1C52-4807-AD9B-23B891F6BE37}.Debug|x86.Build.0 = Debug|Any CPU
		{E4E30052-1C52-4807-AD9B-23B891F6BE37}.Release|Any CPU.ActiveCfg = Release|Any CPU
		{E4E30052-1C52-4807-AD9B-23B891F6BE37}.Release|Any CPU.Build.0 = Release|Any CPU
		{E4E30052-1C52-4807-AD9B-23B891F6BE37}.Release|x64.ActiveCfg = Release|Any CPU
		{E4E30052-1C52-4807-AD9B-23B891F6BE37}.Release|x64.Build.0 = Release|Any CPU
		{E4E30052-1C52-4807-AD9B-23B891F6BE37}.Release|x86.ActiveCfg = Release|Any CPU
		{E4E30052-1C52-4807-AD9B-23B891F6BE37}.Release|x86.Build.0 = Release|Any CPU
		{EF1EEB23-CBC9-4151-8170-CB5F27E36C56}.Debug|Any CPU.ActiveCfg = Debug|Any CPU
		{EF1EEB23-CBC9-4151-8170-CB5F27E36C56}.Debug|Any CPU.Build.0 = Debug|Any CPU
		{EF1EEB23-CBC9-4151-8170-CB5F27E36C56}.Debug|x64.ActiveCfg = Debug|Any CPU
		{EF1EEB23-CBC9-4151-8170-CB5F27E36C56}.Debug|x64.Build.0 = Debug|Any CPU
		{EF1EEB23-CBC9-4151-8170-CB5F27E36C56}.Debug|x86.ActiveCfg = Debug|Any CPU
		{EF1EEB23-CBC9-4151-8170-CB5F27E36C56}.Debug|x86.Build.0 = Debug|Any CPU
		{EF1EEB23-CBC9-4151-8170-CB5F27E36C56}.Release|Any CPU.ActiveCfg = Release|Any CPU
		{EF1EEB23-CBC9-4151-8170-CB5F27E36C56}.Release|Any CPU.Build.0 = Release|Any CPU
		{EF1EEB23-CBC9-4151-8170-CB5F27E36C56}.Release|x64.ActiveCfg = Release|Any CPU
		{EF1EEB23-CBC9-4151-8170-CB5F27E36C56}.Release|x64.Build.0 = Release|Any CPU
		{EF1EEB23-CBC9-4151-8170-CB5F27E36C56}.Release|x86.ActiveCfg = Release|Any CPU
		{EF1EEB23-CBC9-4151-8170-CB5F27E36C56}.Release|x86.Build.0 = Release|Any CPU
		{CAFF0E80-6A48-4C42-925C-342688BE60D8}.Debug|Any CPU.ActiveCfg = Debug|Any CPU
		{CAFF0E80-6A48-4C42-925C-342688BE60D8}.Debug|Any CPU.Build.0 = Debug|Any CPU
		{CAFF0E80-6A48-4C42-925C-342688BE60D8}.Debug|x64.ActiveCfg = Debug|Any CPU
		{CAFF0E80-6A48-4C42-925C-342688BE60D8}.Debug|x64.Build.0 = Debug|Any CPU
		{CAFF0E80-6A48-4C42-925C-342688BE60D8}.Debug|x86.ActiveCfg = Debug|Any CPU
		{CAFF0E80-6A48-4C42-925C-342688BE60D8}.Debug|x86.Build.0 = Debug|Any CPU
		{CAFF0E80-6A48-4C42-925C-342688BE60D8}.Release|Any CPU.ActiveCfg = Release|Any CPU
		{CAFF0E80-6A48-4C42-925C-342688BE60D8}.Release|Any CPU.Build.0 = Release|Any CPU
		{CAFF0E80-6A48-4C42-925C-342688BE60D8}.Release|x64.ActiveCfg = Release|Any CPU
		{CAFF0E80-6A48-4C42-925C-342688BE60D8}.Release|x64.Build.0 = Release|Any CPU
		{CAFF0E80-6A48-4C42-925C-342688BE60D8}.Release|x86.ActiveCfg = Release|Any CPU
		{CAFF0E80-6A48-4C42-925C-342688BE60D8}.Release|x86.Build.0 = Release|Any CPU
	EndGlobalSection
	GlobalSection(SolutionProperties) = preSolution
		HideSolutionNode = FALSE
	EndGlobalSection
	GlobalSection(NestedProjects) = preSolution
		{1CA00296-91E0-4223-9CC0-F9F2BBD7B584} = {B8B51CC9-4C43-49C7-A8C3-A9114CFC05EF}
		{D868AFF6-2A46-4212-A430-35ADA0CC193E} = {1CA00296-91E0-4223-9CC0-F9F2BBD7B584}
		{FEAE84C6-7555-4ED8-964B-F66884965967} = {1CA00296-91E0-4223-9CC0-F9F2BBD7B584}
		{72EAD387-0C10-4485-BA1F-2F301D512318} = {B8B51CC9-4C43-49C7-A8C3-A9114CFC05EF}
		{CE1E76CD-6551-4F21-BFD2-567859D827ED} = {72EAD387-0C10-4485-BA1F-2F301D512318}
		{907F825C-7C06-4D60-AE81-6167D576E15E} = {72EAD387-0C10-4485-BA1F-2F301D512318}
		{0650B30C-EA67-4A5E-94FA-C2B1A65814CC} = {B8B51CC9-4C43-49C7-A8C3-A9114CFC05EF}
		{5E8BA0C4-9B8E-41F8-8925-A78DA60DFEA8} = {0650B30C-EA67-4A5E-94FA-C2B1A65814CC}
		{D2A463AD-7C48-4345-8913-B0516AC6EB1A} = {0650B30C-EA67-4A5E-94FA-C2B1A65814CC}
		{27DB1B58-F423-4F08-83D2-CF2B4CCCA706} = {B8B51CC9-4C43-49C7-A8C3-A9114CFC05EF}
		{FCEA5CAA-FED2-4748-8F07-0A42BD833C4C} = {27DB1B58-F423-4F08-83D2-CF2B4CCCA706}
		{E4E30052-1C52-4807-AD9B-23B891F6BE37} = {27DB1B58-F423-4F08-83D2-CF2B4CCCA706}
		{89730C52-84CB-4130-AED7-4CA9AFF4DA2E} = {B8B51CC9-4C43-49C7-A8C3-A9114CFC05EF}
		{EF1EEB23-CBC9-4151-8170-CB5F27E36C56} = {89730C52-84CB-4130-AED7-4CA9AFF4DA2E}
		{CAFF0E80-6A48-4C42-925C-342688BE60D8} = {89730C52-84CB-4130-AED7-4CA9AFF4DA2E}
	EndGlobalSection
	GlobalSection(ExtensibilityGlobals) = postSolution
		SolutionGuid = {D9643A2F-B0BD-4FCC-B18D-51E81973A76A}
	EndGlobalSection
EndGlobal
